
Microsoft Visual Studio Solution File, Format Version 12.00
# Visual Studio Version 17
VisualStudioVersion = 17.14.37216.2 d17.14
MinimumVisualStudioVersion = 10.0.40219.1
Project("{FAE04EC0-301F-11D3-BF4B-00C04F79EFBC}") = "ToDoApp", "ToDoApp\ToDoApp.csproj", "{D1371612-012E-4FCE-A2B2-5E30E7E8F309}"
EndProject
Global
	GlobalSection(SolutionConfigurationPlatforms) = preSolution
		Debug|Any CPU = Debug|Any CPU
		Release|Any CPU = Release|Any CPU
	EndGlobalSection
	GlobalSection(ProjectConfigurationPlatforms) = postSolution
		{D1371612-012E-4FCE-A2B2-5E30E7E8F309}.Debug|Any CPU.ActiveCfg = Debug|Any CPU
		{D1371612-012E-4FCE-A2B2-5E30E7E8F309}.Debug|Any CPU.Build.0 = Debug|Any CPU
		{D1371612-012E-4FCE-A2B2-5E30E7E8F309}.Release|Any CPU.ActiveCfg = Release|Any CPU
		{D1371612-012E-4FCE-A2B2-5E30E7E8F309}.Release|Any CPU.Build.0 = Release|Any CPU
	EndGlobalSection
	GlobalSection(SolutionProperties) = preSolution
		HideSolutionNode = FALSE
	EndGlobalSection
	GlobalSection(ExtensibilityGlobals) = postSolution
		SolutionGuid = {3772546B-D2F6-4E62-82D8-7781F4F12FE0}
	EndGlobalSection
EndGlobal
